
Microsoft Visual Studio Solution File, Format Version 12.00
# Visual Studio Version 16
VisualStudioVersion = 16.0.31313.79
MinimumVisualStudioVersion = 10.0.40219.1
Project("{FAE04EC0-301F-11D3-BF4B-00C04F79EFBC}") = "ChequePorExtenso", "ChequePorExtenso\ChequePorExtenso.csproj", "{97AC8865-10F2-45CC-912B-0F50E420C69B}"
EndProject
Project("{FAE04EC0-301F-11D3-BF4B-00C04F79EFBC}") = "ChequePorExtensoTestes", "ChequePorExtensoTestes\ChequePorExtensoTestes.csproj", "{C6E10D3E-463B-45A8-A97B-F96BB1840591}"
EndProject
Global
	GlobalSection(SolutionConfigurationPlatforms) = preSolution
		Debug|Any CPU = Debug|Any CPU
		Release|Any CPU = Release|Any CPU
	EndGlobalSection
	GlobalSection(ProjectConfigurationPlatforms) = postSolution
		{97AC8865-10F2-45CC-912B-0F50E420C69B}.Debug|Any CPU.ActiveCfg = Debug|Any CPU
		{97AC8865-10F2-45CC-912B-0F50E420C69B}.Debug|Any CPU.Build.0 = Debug|Any CPU
		{97AC8865-10F2-45CC-912B-0F50E420C69B}.Release|Any CPU.ActiveCfg = Release|Any CPU
		{97AC8865-10F2-45CC-912B-0F50E420C69B}.Release|Any CPU.Build.0 = Release|Any CPU
		{C6E10D3E-463B-45A8-A97B-F96BB1840591}.Debug|Any CPU.ActiveCfg = Debug|Any CPU
		{C6E10D3E-463B-45A8-A97B-F96BB1840591}.Debug|Any CPU.Build.0 = Debug|Any CPU
		{C6E10D3E-463B-45A8-A97B-F96BB1840591}.Release|Any CPU.ActiveCfg = Release|Any CPU
		{C6E10D3E-463B-45A8-A97B-F96BB1840591}.Release|Any CPU.Build.0 = Release|Any CPU
	EndGlobalSection
	GlobalSection(SolutionProperties) = preSolution
		HideSolutionNode = FALSE
	EndGlobalSection
	GlobalSection(ExtensibilityGlobals) = postSolution
		SolutionGuid = {7262C9C1-A82A-4BF3-8561-6D2F05F0B3A2}
	EndGlobalSection
EndGlobal
